
Microsoft Visual Studio Solution File, Format Version 12.00
# Visual Studio Version 17
VisualStudioVersion = 17.9.34723.18
MinimumVisualStudioVersion = 10.0.40219.1
Project("{FAE04EC0-301F-11D3-BF4B-00C04F79EFBC}") = "Capstone", "Capstone.csproj", "{3C162FAF-94A8-4AC9-88AC-FB0970FC5B1A}"
EndProject
Global
	GlobalSection(SolutionConfigurationPlatforms) = preSolution
		Debug|Any CPU = Debug|Any CPU
		Release|Any CPU = Release|Any CPU
	EndGlobalSection
	GlobalSection(ProjectConfigurationPlatforms) = postSolution
		{3C162FAF-94A8-4AC9-88AC-FB0970FC5B1A}.Debug|Any CPU.ActiveCfg = Debug|Any CPU
		{3C162FAF-94A8-4AC9-88AC-FB0970FC5B1A}.Debug|Any CPU.Build.0 = Debug|Any CPU
		{3C162FAF-94A8-4AC9-88AC-FB0970FC5B1A}.Release|Any CPU.ActiveCfg = Release|Any CPU
		{3C162FAF-94A8-4AC9-88AC-FB0970FC5B1A}.Release|Any CPU.Build.0 = Release|Any CPU
	EndGlobalSection
	GlobalSection(SolutionProperties) = preSolution
		HideSolutionNode = FALSE
	EndGlobalSection
	GlobalSection(ExtensibilityGlobals) = postSolution
		SolutionGuid = {A1313798-A3E0-4954-9894-E96F5932DE98}
	EndGlobalSection
EndGlobal
